// !$*UTF8*$!
{
	archiveVersion = 1;
	classes = {
	};
	objectVersion = 46;
	objects = {

/* Begin PBXBuildFile section */
		643677871D003BFD00EC233F /* AllRegisters.swift in Sources */ = {isa = PBXBuildFile; fileRef = 643677861D003BFD00EC233F /* AllRegisters.swift */; };
		643677891D00615B00EC233F /* DocumentJournal.swift in Sources */ = {isa = PBXBuildFile; fileRef = 643677881D00615B00EC233F /* DocumentJournal.swift */; };
		6436778B1D0066FF00EC233F /* MainObjectThree.swift in Sources */ = {isa = PBXBuildFile; fileRef = 6436778A1D0066FF00EC233F /* MainObjectThree.swift */; };
		64395BE21D045DA800E456C0 /* PopUpViewController.swift in Sources */ = {isa = PBXBuildFile; fileRef = 64395BE11D045DA800E456C0 /* PopUpViewController.swift */; };
		643B3D891D198392004A6A43 /* Expenditure.swift in Sources */ = {isa = PBXBuildFile; fileRef = 643B3D871D198392004A6A43 /* Expenditure.swift */; };
		643B3D8D1D198490004A6A43 /* Article.swift in Sources */ = {isa = PBXBuildFile; fileRef = 643B3D8B1D198490004A6A43 /* Article.swift */; };
		643B3D8F1D1984B2004A6A43 /* CoreDataTableViewController.swift in Sources */ = {isa = PBXBuildFile; fileRef = 643B3D8E1D1984B2004A6A43 /* CoreDataTableViewController.swift */; };
		643B3D911D1984C2004A6A43 /* DataManager.swift in Sources */ = {isa = PBXBuildFile; fileRef = 643B3D901D1984C2004A6A43 /* DataManager.swift */; };
		643B3D9B1D198AD2004A6A43 /* Expenditure+CoreDataProperties.swift in Sources */ = {isa = PBXBuildFile; fileRef = 643B3D9A1D198AD2004A6A43 /* Expenditure+CoreDataProperties.swift */; };
		643E07BC1D1ABE9900E91C4F /* TablePart+CoreDataProperties.swift in Sources */ = {isa = PBXBuildFile; fileRef = 643E07B91D1ABE9900E91C4F /* TablePart+CoreDataProperties.swift */; };
		643E07BD1D1ABE9900E91C4F /* TablePart.swift in Sources */ = {isa = PBXBuildFile; fileRef = 643E07BA1D1ABE9900E91C4F /* TablePart.swift */; };
		643E07BE1D1ABE9900E91C4F /* Article+CoreDataProperties.swift in Sources */ = {isa = PBXBuildFile; fileRef = 643E07BB1D1ABE9900E91C4F /* Article+CoreDataProperties.swift */; };
		643E07CA1D1AD39F00E91C4F /* ArticleString+CoreDataProperties.swift in Sources */ = {isa = PBXBuildFile; fileRef = 643E07C51D1AD39F00E91C4F /* ArticleString+CoreDataProperties.swift */; };
		643E07CB1D1AD39F00E91C4F /* ArticleString.swift in Sources */ = {isa = PBXBuildFile; fileRef = 643E07C61D1AD39F00E91C4F /* ArticleString.swift */; };
		643FF7DB1D04A5800035F4DE /* DimmingPresentationController.swift in Sources */ = {isa = PBXBuildFile; fileRef = 643FF7DA1D04A5800035F4DE /* DimmingPresentationController.swift */; };
		643FF7DD1D04A5980035F4DE /* GradientView.swift in Sources */ = {isa = PBXBuildFile; fileRef = 643FF7DC1D04A5980035F4DE /* GradientView.swift */; };
		643FF7DF1D04A6BC0035F4DE /* BounceAnimationController.swift in Sources */ = {isa = PBXBuildFile; fileRef = 643FF7DE1D04A6BC0035F4DE /* BounceAnimationController.swift */; };
		643FF7E11D04A6E70035F4DE /* SlideOutAnimationController.swift in Sources */ = {isa = PBXBuildFile; fileRef = 643FF7E01D04A6E70035F4DE /* SlideOutAnimationController.swift */; };
		643FF7E31D04A7170035F4DE /* FadeOutAnimationController.swift in Sources */ = {isa = PBXBuildFile; fileRef = 643FF7E21D04A7170035F4DE /* FadeOutAnimationController.swift */; };
		6492B1281CFED46300133059 /* AppDelegate.swift in Sources */ = {isa = PBXBuildFile; fileRef = 6492B1271CFED46300133059 /* AppDelegate.swift */; };
		6492B12A1CFED46300133059 /* CheckViewController.swift in Sources */ = {isa = PBXBuildFile; fileRef = 6492B1291CFED46300133059 /* CheckViewController.swift */; };
		6492B12D1CFED46300133059 /* Main.storyboard in Resources */ = {isa = PBXBuildFile; fileRef = 6492B12B1CFED46300133059 /* Main.storyboard */; };
		6492B1301CFED46300133059 /* myMoney.xcdatamodeld in Sources */ = {isa = PBXBuildFile; fileRef = 6492B12E1CFED46300133059 /* myMoney.xcdatamodeld */; };
		6492B1321CFED46300133059 /* Assets.xcassets in Resources */ = {isa = PBXBuildFile; fileRef = 6492B1311CFED46300133059 /* Assets.xcassets */; };
		6492B1351CFED46300133059 /* LaunchScreen.storyboard in Resources */ = {isa = PBXBuildFile; fileRef = 6492B1331CFED46300133059 /* LaunchScreen.storyboard */; };
		6492B1401CFED46300133059 /* myMoneyTests.swift in Sources */ = {isa = PBXBuildFile; fileRef = 6492B13F1CFED46300133059 /* myMoneyTests.swift */; };
		6492B14B1CFED46300133059 /* myMoneyUITests.swift in Sources */ = {isa = PBXBuildFile; fileRef = 6492B14A1CFED46300133059 /* myMoneyUITests.swift */; };
		6492B15B1CFED4F200133059 /* Register.swift in Sources */ = {isa = PBXBuildFile; fileRef = 6492B15A1CFED4F200133059 /* Register.swift */; };
		6492B1631CFEDE2100133059 /* ProductCellTableViewCell.swift in Sources */ = {isa = PBXBuildFile; fileRef = 6492B1621CFEDE2100133059 /* ProductCellTableViewCell.swift */; };
		6492B1651CFEE06B00133059 /* RegisterLine.swift in Sources */ = {isa = PBXBuildFile; fileRef = 6492B1641CFEE06B00133059 /* RegisterLine.swift */; };
		6492B1671CFEE59200133059 /* Utils.swift in Sources */ = {isa = PBXBuildFile; fileRef = 6492B1661CFEE59200133059 /* Utils.swift */; };
		6492B1691CFEF69E00133059 /* DocumentsJournal.swift in Sources */ = {isa = PBXBuildFile; fileRef = 6492B1681CFEF69E00133059 /* DocumentsJournal.swift */; };
		6492B16B1CFEFEFD00133059 /* DocumentJournalCheckTableViewController.swift in Sources */ = {isa = PBXBuildFile; fileRef = 6492B16A1CFEFEFD00133059 /* DocumentJournalCheckTableViewController.swift */; };
		6492B16D1CFF0CE300133059 /* Catalog.swift in Sources */ = {isa = PBXBuildFile; fileRef = 6492B16C1CFF0CE300133059 /* Catalog.swift */; };
		6492B1731CFF197300133059 /* CheckTableViewCell.swift in Sources */ = {isa = PBXBuildFile; fileRef = 6492B1721CFF197300133059 /* CheckTableViewCell.swift */; };
		6492B17B1CFF30E300133059 /* AddNewArticleViewController.swift in Sources */ = {isa = PBXBuildFile; fileRef = 6492B17A1CFF30E300133059 /* AddNewArticleViewController.swift */; };
		64BB58DA1D1D6AD400C14E22 /* IncomeViewController.swift in Sources */ = {isa = PBXBuildFile; fileRef = 64BB58D91D1D6AD400C14E22 /* IncomeViewController.swift */; };
		64FE54781D02E75B00D38ADC /* Measure.swift in Sources */ = {isa = PBXBuildFile; fileRef = 64FE54771D02E75B00D38ADC /* Measure.swift */; };
		64FE547A1D02E76B00D38ADC /* Registrator.swift in Sources */ = {isa = PBXBuildFile; fileRef = 64FE54791D02E76B00D38ADC /* Registrator.swift */; };
		64FE547C1D02E77A00D38ADC /* Document.swift in Sources */ = {isa = PBXBuildFile; fileRef = 64FE547B1D02E77A00D38ADC /* Document.swift */; };
/* End PBXBuildFile section */

/* Begin PBXContainerItemProxy section */
		6492B13C1CFED46300133059 /* PBXContainerItemProxy */ = {
			isa = PBXContainerItemProxy;
			containerPortal = 6492B11C1CFED46300133059 /* Project object */;
			proxyType = 1;
			remoteGlobalIDString = 6492B1231CFED46300133059;
			remoteInfo = myMoney;
		};
		6492B1471CFED46300133059 /* PBXContainerItemProxy */ = {
			isa = PBXContainerItemProxy;
			containerPortal = 6492B11C1CFED46300133059 /* Project object */;
			proxyType = 1;
			remoteGlobalIDString = 6492B1231CFED46300133059;
			remoteInfo = myMoney;
		};
/* End PBXContainerItemProxy section */

/* Begin PBXFileReference section */
		643677861D003BFD00EC233F /* AllRegisters.swift */ = {isa = PBXFileReference; fileEncoding = 4; lastKnownFileType = sourcecode.swift; path = AllRegisters.swift; sourceTree = "<group>"; };
		643677881D00615B00EC233F /* DocumentJournal.swift */ = {isa = PBXFileReference; fileEncoding = 4; lastKnownFileType = sourcecode.swift; path = DocumentJournal.swift; sourceTree = "<group>"; };
		6436778A1D0066FF00EC233F /* MainObjectThree.swift */ = {isa = PBXFileReference; fileEncoding = 4; lastKnownFileType = sourcecode.swift; path = MainObjectThree.swift; sourceTree = "<group>"; };
		64395BE11D045DA800E456C0 /* PopUpViewController.swift */ = {isa = PBXFileReference; fileEncoding = 4; lastKnownFileType = sourcecode.swift; path = PopUpViewController.swift; sourceTree = "<group>"; };
		643B3D871D198392004A6A43 /* Expenditure.swift */ = {isa = PBXFileReference; fileEncoding = 4; lastKnownFileType = sourcecode.swift; name = Expenditure.swift; path = ../Expenditure.swift; sourceTree = "<group>"; };
		643B3D8B1D198490004A6A43 /* Article.swift */ = {isa = PBXFileReference; fileEncoding = 4; lastKnownFileType = sourcecode.swift; name = Article.swift; path = ../Article.swift; sourceTree = "<group>"; };
		643B3D8E1D1984B2004A6A43 /* CoreDataTableViewController.swift */ = {isa = PBXFileReference; fileEncoding = 4; lastKnownFileType = sourcecode.swift; name = CoreDataTableViewController.swift; path = ../CoreDataTableViewController.swift; sourceTree = "<group>"; };
		643B3D901D1984C2004A6A43 /* DataManager.swift */ = {isa = PBXFileReference; fileEncoding = 4; lastKnownFileType = sourcecode.swift; path = DataManager.swift; sourceTree = "<group>"; };
		643B3D9A1D198AD2004A6A43 /* Expenditure+CoreDataProperties.swift */ = {isa = PBXFileReference; fileEncoding = 4; lastKnownFileType = sourcecode.swift; path = "Expenditure+CoreDataProperties.swift"; sourceTree = "<group>"; };
		643E07B91D1ABE9900E91C4F /* TablePart+CoreDataProperties.swift */ = {isa = PBXFileReference; fileEncoding = 4; lastKnownFileType = sourcecode.swift; path = "TablePart+CoreDataProperties.swift"; sourceTree = "<group>"; };
		643E07BA1D1ABE9900E91C4F /* TablePart.swift */ = {isa = PBXFileReference; fileEncoding = 4; lastKnownFileType = sourcecode.swift; name = TablePart.swift; path = ../TablePart.swift; sourceTree = "<group>"; };
		643E07BB1D1ABE9900E91C4F /* Article+CoreDataProperties.swift */ = {isa = PBXFileReference; fileEncoding = 4; lastKnownFileType = sourcecode.swift; path = "Article+CoreDataProperties.swift"; sourceTree = "<group>"; };
		643E07C51D1AD39F00E91C4F /* ArticleString+CoreDataProperties.swift */ = {isa = PBXFileReference; fileEncoding = 4; lastKnownFileType = sourcecode.swift; path = "ArticleString+CoreDataProperties.swift"; sourceTree = "<group>"; };
		643E07C61D1AD39F00E91C4F /* ArticleString.swift */ = {isa = PBXFileReference; fileEncoding = 4; lastKnownFileType = sourcecode.swift; name = ArticleString.swift; path = ../ArticleString.swift; sourceTree = "<group>"; };
		643FF7DA1D04A5800035F4DE /* DimmingPresentationController.swift */ = {isa = PBXFileReference; fileEncoding = 4; lastKnownFileType = sourcecode.swift; path = DimmingPresentationController.swift; sourceTree = "<group>"; };
		643FF7DC1D04A5980035F4DE /* GradientView.swift */ = {isa = PBXFileReference; fileEncoding = 4; lastKnownFileType = sourcecode.swift; path = GradientView.swift; sourceTree = "<group>"; };
		643FF7DE1D04A6BC0035F4DE /* BounceAnimationController.swift */ = {isa = PBXFileReference; fileEncoding = 4; lastKnownFileType = sourcecode.swift; path = BounceAnimationController.swift; sourceTree = "<group>"; };
		643FF7E01D04A6E70035F4DE /* SlideOutAnimationController.swift */ = {isa = PBXFileReference; fileEncoding = 4; lastKnownFileType = sourcecode.swift; path = SlideOutAnimationController.swift; sourceTree = "<group>"; };
		643FF7E21D04A7170035F4DE /* FadeOutAnimationController.swift */ = {isa = PBXFileReference; fileEncoding = 4; lastKnownFileType = sourcecode.swift; path = FadeOutAnimationController.swift; sourceTree = "<group>"; };
		6492B1241CFED46300133059 /* myMoney.app */ = {isa = PBXFileReference; explicitFileType = wrapper.application; includeInIndex = 0; path = myMoney.app; sourceTree = BUILT_PRODUCTS_DIR; };
		6492B1271CFED46300133059 /* AppDelegate.swift */ = {isa = PBXFileReference; lastKnownFileType = sourcecode.swift; path = AppDelegate.swift; sourceTree = "<group>"; };
		6492B1291CFED46300133059 /* CheckViewController.swift */ = {isa = PBXFileReference; lastKnownFileType = sourcecode.swift; path = CheckViewController.swift; sourceTree = "<group>"; };
		6492B12C1CFED46300133059 /* Base */ = {isa = PBXFileReference; lastKnownFileType = file.storyboard; name = Base; path = Base.lproj/Main.storyboard; sourceTree = "<group>"; };
		6492B12F1CFED46300133059 /* myMoney.xcdatamodel */ = {isa = PBXFileReference; lastKnownFileType = wrapper.xcdatamodel; path = myMoney.xcdatamodel; sourceTree = "<group>"; };
		6492B1311CFED46300133059 /* Assets.xcassets */ = {isa = PBXFileReference; lastKnownFileType = folder.assetcatalog; path = Assets.xcassets; sourceTree = "<group>"; };
		6492B1341CFED46300133059 /* Base */ = {isa = PBXFileReference; lastKnownFileType = file.storyboard; name = Base; path = Base.lproj/LaunchScreen.storyboard; sourceTree = "<group>"; };
		6492B1361CFED46300133059 /* Info.plist */ = {isa = PBXFileReference; lastKnownFileType = text.plist.xml; path = Info.plist; sourceTree = "<group>"; };
		6492B13B1CFED46300133059 /* myMoneyTests.xctest */ = {isa = PBXFileReference; explicitFileType = wrapper.cfbundle; includeInIndex = 0; path = myMoneyTests.xctest; sourceTree = BUILT_PRODUCTS_DIR; };
		6492B13F1CFED46300133059 /* myMoneyTests.swift */ = {isa = PBXFileReference; lastKnownFileType = sourcecode.swift; path = myMoneyTests.swift; sourceTree = "<group>"; };
		6492B1411CFED46300133059 /* Info.plist */ = {isa = PBXFileReference; lastKnownFileType = text.plist.xml; path = Info.plist; sourceTree = "<group>"; };
		6492B1461CFED46300133059 /* myMoneyUITests.xctest */ = {isa = PBXFileReference; explicitFileType = wrapper.cfbundle; includeInIndex = 0; path = myMoneyUITests.xctest; sourceTree = BUILT_PRODUCTS_DIR; };
		6492B14A1CFED46300133059 /* myMoneyUITests.swift */ = {isa = PBXFileReference; lastKnownFileType = sourcecode.swift; path = myMoneyUITests.swift; sourceTree = "<group>"; };
		6492B14C1CFED46300133059 /* Info.plist */ = {isa = PBXFileReference; lastKnownFileType = text.plist.xml; path = Info.plist; sourceTree = "<group>"; };
		6492B15A1CFED4F200133059 /* Register.swift */ = {isa = PBXFileReference; fileEncoding = 4; lastKnownFileType = sourcecode.swift; path = Register.swift; sourceTree = "<group>"; };
		6492B1621CFEDE2100133059 /* ProductCellTableViewCell.swift */ = {isa = PBXFileReference; fileEncoding = 4; lastKnownFileType = sourcecode.swift; path = ProductCellTableViewCell.swift; sourceTree = "<group>"; };
		6492B1641CFEE06B00133059 /* RegisterLine.swift */ = {isa = PBXFileReference; fileEncoding = 4; lastKnownFileType = sourcecode.swift; path = RegisterLine.swift; sourceTree = "<group>"; };
		6492B1661CFEE59200133059 /* Utils.swift */ = {isa = PBXFileReference; fileEncoding = 4; lastKnownFileType = sourcecode.swift; path = Utils.swift; sourceTree = "<group>"; };
		6492B1681CFEF69E00133059 /* DocumentsJournal.swift */ = {isa = PBXFileReference; fileEncoding = 4; lastKnownFileType = sourcecode.swift; path = DocumentsJournal.swift; sourceTree = "<group>"; };
		6492B16A1CFEFEFD00133059 /* DocumentJournalCheckTableViewController.swift */ = {isa = PBXFileReference; fileEncoding = 4; lastKnownFileType = sourcecode.swift; path = DocumentJournalCheckTableViewController.swift; sourceTree = "<group>"; };
		6492B16C1CFF0CE300133059 /* Catalog.swift */ = {isa = PBXFileReference; fileEncoding = 4; lastKnownFileType = sourcecode.swift; path = Catalog.swift; sourceTree = "<group>"; };
		6492B1721CFF197300133059 /* CheckTableViewCell.swift */ = {isa = PBXFileReference; fileEncoding = 4; lastKnownFileType = sourcecode.swift; name = CheckTableViewCell.swift; path = ../CheckTableViewCell.swift; sourceTree = "<group>"; };
		6492B17A1CFF30E300133059 /* AddNewArticleViewController.swift */ = {isa = PBXFileReference; fileEncoding = 4; lastKnownFileType = sourcecode.swift; path = AddNewArticleViewController.swift; sourceTree = "<group>"; };
		64BB58D91D1D6AD400C14E22 /* IncomeViewController.swift */ = {isa = PBXFileReference; fileEncoding = 4; lastKnownFileType = sourcecode.swift; path = IncomeViewController.swift; sourceTree = "<group>"; };
		64FE54771D02E75B00D38ADC /* Measure.swift */ = {isa = PBXFileReference; fileEncoding = 4; lastKnownFileType = sourcecode.swift; path = Measure.swift; sourceTree = "<group>"; };
		64FE54791D02E76B00D38ADC /* Registrator.swift */ = {isa = PBXFileReference; fileEncoding = 4; lastKnownFileType = sourcecode.swift; path = Registrator.swift; sourceTree = "<group>"; };
		64FE547B1D02E77A00D38ADC /* Document.swift */ = {isa = PBXFileReference; fileEncoding = 4; lastKnownFileType = sourcecode.swift; path = Document.swift; sourceTree = "<group>"; };
/* End PBXFileReference section */

/* Begin PBXFrameworksBuildPhase section */
		6492B1211CFED46300133059 /* Frameworks */ = {
			isa = PBXFrameworksBuildPhase;
			buildActionMask = 2147483647;
			files = (
			);
			runOnlyForDeploymentPostprocessing = 0;
		};
		6492B1381CFED46300133059 /* Frameworks */ = {
			isa = PBXFrameworksBuildPhase;
			buildActionMask = 2147483647;
			files = (
			);
			runOnlyForDeploymentPostprocessing = 0;
		};
		6492B1431CFED46300133059 /* Frameworks */ = {
			isa = PBXFrameworksBuildPhase;
			buildActionMask = 2147483647;
			files = (
			);
			runOnlyForDeploymentPostprocessing = 0;
		};
/* End PBXFrameworksBuildPhase section */

/* Begin PBXGroup section */
		643B3D921D1984D2004A6A43 /* CoreData */ = {
			isa = PBXGroup;
			children = (
				643B3D931D1984E4004A6A43 /* Class extensions */,
				643B3D901D1984C2004A6A43 /* DataManager.swift */,
			);
			name = CoreData;
			path = ..;
			sourceTree = "<group>";
		};
		643B3D931D1984E4004A6A43 /* Class extensions */ = {
			isa = PBXGroup;
			children = (
				643E07C51D1AD39F00E91C4F /* ArticleString+CoreDataProperties.swift */,
				643E07BB1D1ABE9900E91C4F /* Article+CoreDataProperties.swift */,
				643E07B91D1ABE9900E91C4F /* TablePart+CoreDataProperties.swift */,
				643B3D9A1D198AD2004A6A43 /* Expenditure+CoreDataProperties.swift */,
			);
			name = "Class extensions";
			sourceTree = "<group>";
		};
		643FF7E41D04A7300035F4DE /* Animations */ = {
			isa = PBXGroup;
			children = (
				643FF7E01D04A6E70035F4DE /* SlideOutAnimationController.swift */,
				643FF7DA1D04A5800035F4DE /* DimmingPresentationController.swift */,
				643FF7DE1D04A6BC0035F4DE /* BounceAnimationController.swift */,
				643FF7E21D04A7170035F4DE /* FadeOutAnimationController.swift */,
			);
			name = Animations;
			sourceTree = "<group>";
		};
		6492B11B1CFED46300133059 = {
			isa = PBXGroup;
			children = (
				6492B1261CFED46300133059 /* myMoney */,
				6492B13E1CFED46300133059 /* myMoneyTests */,
				6492B1491CFED46300133059 /* myMoneyUITests */,
				6492B1251CFED46300133059 /* Products */,
			);
			sourceTree = "<group>";
		};
		6492B1251CFED46300133059 /* Products */ = {
			isa = PBXGroup;
			children = (
				6492B1241CFED46300133059 /* myMoney.app */,
				6492B13B1CFED46300133059 /* myMoneyTests.xctest */,
				6492B1461CFED46300133059 /* myMoneyUITests.xctest */,
			);
			name = Products;
			sourceTree = "<group>";
		};
		6492B1261CFED46300133059 /* myMoney */ = {
			isa = PBXGroup;
			children = (
				6492B1271CFED46300133059 /* AppDelegate.swift */,
				6492B1761CFF301500133059 /* View */,
				6492B1741CFF2FE200133059 /* Model */,
				6492B1751CFF300600133059 /* Controller */,
				6492B1791CFF307200133059 /* Misc */,
			);
			path = myMoney;
			sourceTree = "<group>";
		};
		6492B13E1CFED46300133059 /* myMoneyTests */ = {
			isa = PBXGroup;
			children = (
				6492B13F1CFED46300133059 /* myMoneyTests.swift */,
				6492B1411CFED46300133059 /* Info.plist */,
			);
			path = myMoneyTests;
			sourceTree = "<group>";
		};
		6492B1491CFED46300133059 /* myMoneyUITests */ = {
			isa = PBXGroup;
			children = (
				6492B14A1CFED46300133059 /* myMoneyUITests.swift */,
				6492B14C1CFED46300133059 /* Info.plist */,
			);
			path = myMoneyUITests;
			sourceTree = "<group>";
		};
		6492B1741CFF2FE200133059 /* Model */ = {
			isa = PBXGroup;
			children = (
				643B3D921D1984D2004A6A43 /* CoreData */,
				64FE54751D02E71300D38ADC /* Global */,
				64FE54741D02E69600D38ADC /* Raw Classes */,
				6492B1661CFEE59200133059 /* Utils.swift */,
			);
			name = Model;
			sourceTree = "<group>";
		};
		6492B1751CFF300600133059 /* Controller */ = {
			isa = PBXGroup;
			children = (
				64BB58D81D1D64E900C14E22 /* ViewControllers */,
				643FF7E41D04A7300035F4DE /* Animations */,
			);
			name = Controller;
			sourceTree = "<group>";
		};
		6492B1761CFF301500133059 /* View */ = {
			isa = PBXGroup;
			children = (
				643FF7DC1D04A5980035F4DE /* GradientView.swift */,
				6492B1781CFF304400133059 /* Storyboards */,
				6492B1771CFF303600133059 /* Cells */,
			);
			name = View;
			sourceTree = "<group>";
		};
		6492B1771CFF303600133059 /* Cells */ = {
			isa = PBXGroup;
			children = (
				6492B1721CFF197300133059 /* CheckTableViewCell.swift */,
				6492B1621CFEDE2100133059 /* ProductCellTableViewCell.swift */,
			);
			name = Cells;
			sourceTree = "<group>";
		};
		6492B1781CFF304400133059 /* Storyboards */ = {
			isa = PBXGroup;
			children = (
				6492B12B1CFED46300133059 /* Main.storyboard */,
				6492B1331CFED46300133059 /* LaunchScreen.storyboard */,
			);
			name = Storyboards;
			sourceTree = "<group>";
		};
		6492B1791CFF307200133059 /* Misc */ = {
			isa = PBXGroup;
			children = (
				6492B1311CFED46300133059 /* Assets.xcassets */,
				6492B1361CFED46300133059 /* Info.plist */,
				6492B12E1CFED46300133059 /* myMoney.xcdatamodeld */,
			);
			name = Misc;
			sourceTree = "<group>";
		};
		64BB58D81D1D64E900C14E22 /* ViewControllers */ = {
			isa = PBXGroup;
			children = (
				643B3D8E1D1984B2004A6A43 /* CoreDataTableViewController.swift */,
				6492B16A1CFEFEFD00133059 /* DocumentJournalCheckTableViewController.swift */,
				6492B1291CFED46300133059 /* CheckViewController.swift */,
				64BB58D91D1D6AD400C14E22 /* IncomeViewController.swift */,
				6492B17A1CFF30E300133059 /* AddNewArticleViewController.swift */,
				64395BE11D045DA800E456C0 /* PopUpViewController.swift */,
			);
			name = ViewControllers;
			sourceTree = "<group>";
		};
		64FE54741D02E69600D38ADC /* Raw Classes */ = {
			isa = PBXGroup;
			children = (
				643E07C61D1AD39F00E91C4F /* ArticleString.swift */,
				643E07BA1D1ABE9900E91C4F /* TablePart.swift */,
				643B3D8B1D198490004A6A43 /* Article.swift */,
				643B3D871D198392004A6A43 /* Expenditure.swift */,
				6492B16C1CFF0CE300133059 /* Catalog.swift */,
				6492B15A1CFED4F200133059 /* Register.swift */,
				6492B1641CFEE06B00133059 /* RegisterLine.swift */,
				643677881D00615B00EC233F /* DocumentJournal.swift */,
				6492B1681CFEF69E00133059 /* DocumentsJournal.swift */,
				64FE54761D02E75000D38ADC /* Protocols */,
			);
			name = "Raw Classes";
			sourceTree = "<group>";
		};
		64FE54751D02E71300D38ADC /* Global */ = {
			isa = PBXGroup;
			children = (
				6436778A1D0066FF00EC233F /* MainObjectThree.swift */,
				643677861D003BFD00EC233F /* AllRegisters.swift */,
			);
			name = Global;
			sourceTree = "<group>";
		};
		64FE54761D02E75000D38ADC /* Protocols */ = {
			isa = PBXGroup;
			children = (
				64FE54771D02E75B00D38ADC /* Measure.swift */,
				64FE54791D02E76B00D38ADC /* Registrator.swift */,
				64FE547B1D02E77A00D38ADC /* Document.swift */,
			);
			name = Protocols;
			sourceTree = "<group>";
		};
/* End PBXGroup section */

/* Begin PBXNativeTarget section */
		6492B1231CFED46300133059 /* myMoney */ = {
			isa = PBXNativeTarget;
			buildConfigurationList = 6492B14F1CFED46300133059 /* Build configuration list for PBXNativeTarget "myMoney" */;
			buildPhases = (
				6492B1201CFED46300133059 /* Sources */,
				6492B1211CFED46300133059 /* Frameworks */,
				6492B1221CFED46300133059 /* Resources */,
			);
			buildRules = (
			);
			dependencies = (
			);
			name = myMoney;
			productName = myMoney;
			productReference = 6492B1241CFED46300133059 /* myMoney.app */;
			productType = "com.apple.product-type.application";
		};
		6492B13A1CFED46300133059 /* myMoneyTests */ = {
			isa = PBXNativeTarget;
			buildConfigurationList = 6492B1521CFED46300133059 /* Build configuration list for PBXNativeTarget "myMoneyTests" */;
			buildPhases = (
				6492B1371CFED46300133059 /* Sources */,
				6492B1381CFED46300133059 /* Frameworks */,
				6492B1391CFED46300133059 /* Resources */,
			);
			buildRules = (
			);
			dependencies = (
				6492B13D1CFED46300133059 /* PBXTargetDependency */,
			);
			name = myMoneyTests;
			productName = myMoneyTests;
			productReference = 6492B13B1CFED46300133059 /* myMoneyTests.xctest */;
			productType = "com.apple.product-type.bundle.unit-test";
		};
		6492B1451CFED46300133059 /* myMoneyUITests */ = {
			isa = PBXNativeTarget;
			buildConfigurationList = 6492B1551CFED46300133059 /* Build configuration list for PBXNativeTarget "myMoneyUITests" */;
			buildPhases = (
				6492B1421CFED46300133059 /* Sources */,
				6492B1431CFED46300133059 /* Frameworks */,
				6492B1441CFED46300133059 /* Resources */,
			);
			buildRules = (
			);
			dependencies = (
				6492B1481CFED46300133059 /* PBXTargetDependency */,
			);
			name = myMoneyUITests;
			productName = myMoneyUITests;
			productReference = 6492B1461CFED46300133059 /* myMoneyUITests.xctest */;
			productType = "com.apple.product-type.bundle.ui-testing";
		};
/* End PBXNativeTarget section */

/* Begin PBXProject section */
		6492B11C1CFED46300133059 /* Project object */ = {
			isa = PBXProject;
			attributes = {
				LastSwiftUpdateCheck = 0730;
				LastUpgradeCheck = 0730;
				ORGANIZATIONNAME = AuroraInterplay;
				TargetAttributes = {
					6492B1231CFED46300133059 = {
						CreatedOnToolsVersion = 7.3.1;
						DevelopmentTeam = 99MX98QF2R;
					};
					6492B13A1CFED46300133059 = {
						CreatedOnToolsVersion = 7.3.1;
						TestTargetID = 6492B1231CFED46300133059;
					};
					6492B1451CFED46300133059 = {
						CreatedOnToolsVersion = 7.3.1;
						TestTargetID = 6492B1231CFED46300133059;
					};
				};
			};
			buildConfigurationList = 6492B11F1CFED46300133059 /* Build configuration list for PBXProject "myMoney" */;
			compatibilityVersion = "Xcode 3.2";
			developmentRegion = English;
			hasScannedForEncodings = 0;
			knownRegions = (
				en,
				Base,
			);
			mainGroup = 6492B11B1CFED46300133059;
			productRefGroup = 6492B1251CFED46300133059 /* Products */;
			projectDirPath = "";
			projectRoot = "";
			targets = (
				6492B1231CFED46300133059 /* myMoney */,
				6492B13A1CFED46300133059 /* myMoneyTests */,
				6492B1451CFED46300133059 /* myMoneyUITests */,
			);
		};
/* End PBXProject section */

/* Begin PBXResourcesBuildPhase section */
		6492B1221CFED46300133059 /* Resources */ = {
			isa = PBXResourcesBuildPhase;
			buildActionMask = 2147483647;
			files = (
				6492B1351CFED46300133059 /* LaunchScreen.storyboard in Resources */,
				6492B1321CFED46300133059 /* Assets.xcassets in Resources */,
				6492B12D1CFED46300133059 /* Main.storyboard in Resources */,
			);
			runOnlyForDeploymentPostprocessing = 0;
		};
		6492B1391CFED46300133059 /* Resources */ = {
			isa = PBXResourcesBuildPhase;
			buildActionMask = 2147483647;
			files = (
			);
			runOnlyForDeploymentPostprocessing = 0;
		};
		6492B1441CFED46300133059 /* Resources */ = {
			isa = PBXResourcesBuildPhase;
			buildActionMask = 2147483647;
			files = (
			);
			runOnlyForDeploymentPostprocessing = 0;
		};
/* End PBXResourcesBuildPhase section */

/* Begin PBXSourcesBuildPhase section */
		6492B1201CFED46300133059 /* Sources */ = {
			isa = PBXSourcesBuildPhase;
			buildActionMask = 2147483647;
			files = (
				643677871D003BFD00EC233F /* AllRegisters.swift in Sources */,
				64FE54781D02E75B00D38ADC /* Measure.swift in Sources */,
				64395BE21D045DA800E456C0 /* PopUpViewController.swift in Sources */,
				643E07BC1D1ABE9900E91C4F /* TablePart+CoreDataProperties.swift in Sources */,
				6492B12A1CFED46300133059 /* CheckViewController.swift in Sources */,
				643E07BE1D1ABE9900E91C4F /* Article+CoreDataProperties.swift in Sources */,
				643FF7E11D04A6E70035F4DE /* SlideOutAnimationController.swift in Sources */,
				6492B1651CFEE06B00133059 /* RegisterLine.swift in Sources */,
				64FE547C1D02E77A00D38ADC /* Document.swift in Sources */,
				6492B16D1CFF0CE300133059 /* Catalog.swift in Sources */,
				643E07BD1D1ABE9900E91C4F /* TablePart.swift in Sources */,
				64BB58DA1D1D6AD400C14E22 /* IncomeViewController.swift in Sources */,
				643E07CB1D1AD39F00E91C4F /* ArticleString.swift in Sources */,
				643B3D8F1D1984B2004A6A43 /* CoreDataTableViewController.swift in Sources */,
				643B3D9B1D198AD2004A6A43 /* Expenditure+CoreDataProperties.swift in Sources */,
				643B3D911D1984C2004A6A43 /* DataManager.swift in Sources */,
				643FF7DB1D04A5800035F4DE /* DimmingPresentationController.swift in Sources */,
				6492B1671CFEE59200133059 /* Utils.swift in Sources */,
				6492B1301CFED46300133059 /* myMoney.xcdatamodeld in Sources */,
				6492B17B1CFF30E300133059 /* AddNewArticleViewController.swift in Sources */,
				64FE547A1D02E76B00D38ADC /* Registrator.swift in Sources */,
				643B3D8D1D198490004A6A43 /* Article.swift in Sources */,
				643FF7DD1D04A5980035F4DE /* GradientView.swift in Sources */,
				6492B1281CFED46300133059 /* AppDelegate.swift in Sources */,
				6492B1731CFF197300133059 /* CheckTableViewCell.swift in Sources */,
				643E07CA1D1AD39F00E91C4F /* ArticleString+CoreDataProperties.swift in Sources */,
				643677891D00615B00EC233F /* DocumentJournal.swift in Sources */,
				6492B1691CFEF69E00133059 /* DocumentsJournal.swift in Sources */,
				6492B16B1CFEFEFD00133059 /* DocumentJournalCheckTableViewController.swift in Sources */,
				6492B15B1CFED4F200133059 /* Register.swift in Sources */,
				643FF7E31D04A7170035F4DE /* FadeOutAnimationController.swift in Sources */,
				6492B1631CFEDE2100133059 /* ProductCellTableViewCell.swift in Sources */,
				643B3D891D198392004A6A43 /* Expenditure.swift in Sources */,
				6436778B1D0066FF00EC233F /* MainObjectThree.swift in Sources */,
				643FF7DF1D04A6BC0035F4DE /* BounceAnimationController.swift in Sources */,
			);
			runOnlyForDeploymentPostprocessing = 0;
		};
		6492B1371CFED46300133059 /* Sources */ = {
			isa = PBXSourcesBuildPhase;
			buildActionMask = 2147483647;
			files = (
				6492B1401CFED46300133059 /* myMoneyTests.swift in Sources */,
			);
			runOnlyForDeploymentPostprocessing = 0;
		};
		6492B1421CFED46300133059 /* Sources */ = {
			isa = PBXSourcesBuildPhase;
			buildActionMask = 2147483647;
			files = (
				6492B14B1CFED46300133059 /* myMoneyUITests.swift in Sources */,
			);
			runOnlyForDeploymentPostprocessing = 0;
		};
/* End PBXSourcesBuildPhase section */

/* Begin PBXTargetDependency section */
		6492B13D1CFED46300133059 /* PBXTargetDependency */ = {
			isa = PBXTargetDependency;
			target = 6492B1231CFED46300133059 /* myMoney */;
			targetProxy = 6492B13C1CFED46300133059 /* PBXContainerItemProxy */;
		};
		6492B1481CFED46300133059 /* PBXTargetDependency */ = {
			isa = PBXTargetDependency;
			target = 6492B1231CFED46300133059 /* myMoney */;
			targetProxy = 6492B1471CFED46300133059 /* PBXContainerItemProxy */;
		};
/* End PBXTargetDependency section */

/* Begin PBXVariantGroup section */
		6492B12B1CFED46300133059 /* Main.storyboard */ = {
			isa = PBXVariantGroup;
			children = (
				6492B12C1CFED46300133059 /* Base */,
			);
			name = Main.storyboard;
			sourceTree = "<group>";
		};
		6492B1331CFED46300133059 /* LaunchScreen.storyboard */ = {
			isa = PBXVariantGroup;
			children = (
				6492B1341CFED46300133059 /* Base */,
			);
			name = LaunchScreen.storyboard;
			sourceTree = "<group>";
		};
/* End PBXVariantGroup section */

/* Begin XCBuildConfiguration section */
		6492B14D1CFED46300133059 /* Debug */ = {
			isa = XCBuildConfiguration;
			buildSettings = {
				ALWAYS_SEARCH_USER_PATHS = NO;
				CLANG_ANALYZER_NONNULL = YES;
				CLANG_CXX_LANGUAGE_STANDARD = "gnu++0x";
				CLANG_CXX_LIBRARY = "libc++";
				CLANG_ENABLE_MODULES = YES;
				CLANG_ENABLE_OBJC_ARC = YES;
				CLANG_WARN_BOOL_CONVERSION = YES;
				CLANG_WARN_CONSTANT_CONVERSION = YES;
				CLANG_WARN_DIRECT_OBJC_ISA_USAGE = YES_ERROR;
				CLANG_WARN_EMPTY_BODY = YES;
				CLANG_WARN_ENUM_CONVERSION = YES;
				CLANG_WARN_INT_CONVERSION = YES;
				CLANG_WARN_OBJC_ROOT_CLASS = YES_ERROR;
				CLANG_WARN_UNREACHABLE_CODE = YES;
				CLANG_WARN__DUPLICATE_METHOD_MATCH = YES;
				"CODE_SIGN_IDENTITY[sdk=iphoneos*]" = "iPhone Developer";
				COPY_PHASE_STRIP = NO;
				DEBUG_INFORMATION_FORMAT = dwarf;
				ENABLE_STRICT_OBJC_MSGSEND = YES;
				ENABLE_TESTABILITY = YES;
				GCC_C_LANGUAGE_STANDARD = gnu99;
				GCC_DYNAMIC_NO_PIC = NO;
				GCC_NO_COMMON_BLOCKS = YES;
				GCC_OPTIMIZATION_LEVEL = 0;
				GCC_PREPROCESSOR_DEFINITIONS = (
					"DEBUG=1",
					"$(inherited)",
				);
				GCC_WARN_64_TO_32_BIT_CONVERSION = YES;
				GCC_WARN_ABOUT_RETURN_TYPE = YES_ERROR;
				GCC_WARN_UNDECLARED_SELECTOR = YES;
				GCC_WARN_UNINITIALIZED_AUTOS = YES_AGGRESSIVE;
				GCC_WARN_UNUSED_FUNCTION = YES;
				GCC_WARN_UNUSED_VARIABLE = YES;
				IPHONEOS_DEPLOYMENT_TARGET = 9.3;
				MTL_ENABLE_DEBUG_INFO = YES;
				ONLY_ACTIVE_ARCH = YES;
				SDKROOT = iphoneos;
				SWIFT_OPTIMIZATION_LEVEL = "-Onone";
			};
			name = Debug;
		};
		6492B14E1CFED46300133059 /* Release */ = {
			isa = XCBuildConfiguration;
			buildSettings = {
				ALWAYS_SEARCH_USER_PATHS = NO;
				CLANG_ANALYZER_NONNULL = YES;
				CLANG_CXX_LANGUAGE_STANDARD = "gnu++0x";
				CLANG_CXX_LIBRARY = "libc++";
				CLANG_ENABLE_MODULES = YES;
				CLANG_ENABLE_OBJC_ARC = YES;
				CLANG_WARN_BOOL_CONVERSION = YES;
				CLANG_WARN_CONSTANT_CONVERSION = YES;
				CLANG_WARN_DIRECT_OBJC_ISA_USAGE = YES_ERROR;
				CLANG_WARN_EMPTY_BODY = YES;
				CLANG_WARN_ENUM_CONVERSION = YES;
				CLANG_WARN_INT_CONVERSION = YES;
				CLANG_WARN_OBJC_ROOT_CLASS = YES_ERROR;
				CLANG_WARN_UNREACHABLE_CODE = YES;
				CLANG_WARN__DUPLICATE_METHOD_MATCH = YES;
				"CODE_SIGN_IDENTITY[sdk=iphoneos*]" = "iPhone Developer";
				COPY_PHASE_STRIP = NO;
				DEBUG_INFORMATION_FORMAT = "dwarf-with-dsym";
				ENABLE_NS_ASSERTIONS = NO;
				ENABLE_STRICT_OBJC_MSGSEND = YES;
				GCC_C_LANGUAGE_STANDARD = gnu99;
				GCC_NO_COMMON_BLOCKS = YES;
				GCC_WARN_64_TO_32_BIT_CONVERSION = YES;
				GCC_WARN_ABOUT_RETURN_TYPE = YES_ERROR;
				GCC_WARN_UNDECLARED_SELECTOR = YES;
				GCC_WARN_UNINITIALIZED_AUTOS = YES_AGGRESSIVE;
				GCC_WARN_UNUSED_FUNCTION = YES;
				GCC_WARN_UNUSED_VARIABLE = YES;
				IPHONEOS_DEPLOYMENT_TARGET = 9.3;
				MTL_ENABLE_DEBUG_INFO = NO;
				SDKROOT = iphoneos;
				VALIDATE_PRODUCT = YES;
			};
			name = Release;
		};
		6492B1501CFED46300133059 /* Debug */ = {
			isa = XCBuildConfiguration;
			buildSettings = {
				ASSETCATALOG_COMPILER_APPICON_NAME = AppIcon;
				CODE_SIGN_IDENTITY = "iPhone Developer";
				"CODE_SIGN_IDENTITY[sdk=iphoneos*]" = "iPhone Developer";
				INFOPLIST_FILE = myMoney/Info.plist;
				LD_RUNPATH_SEARCH_PATHS = "$(inherited) @executable_path/Frameworks";
				PRODUCT_BUNDLE_IDENTIFIER = AuroraInterplay.myMoney;
				PRODUCT_NAME = "$(TARGET_NAME)";
				PROVISIONING_PROFILE = "";
			};
			name = Debug;
		};
		6492B1511CFED46300133059 /* Release */ = {
			isa = XCBuildConfiguration;
			buildSettings = {
				ASSETCATALOG_COMPILER_APPICON_NAME = AppIcon;
				CODE_SIGN_IDENTITY = "iPhone Developer";
				"CODE_SIGN_IDENTITY[sdk=iphoneos*]" = "iPhone Developer";
				INFOPLIST_FILE = myMoney/Info.plist;
				LD_RUNPATH_SEARCH_PATHS = "$(inherited) @executable_path/Frameworks";
				PRODUCT_BUNDLE_IDENTIFIER = AuroraInterplay.myMoney;
				PRODUCT_NAME = "$(TARGET_NAME)";
				PROVISIONING_PROFILE = "";
			};
			name = Release;
		};
		6492B1531CFED46300133059 /* Debug */ = {
			isa = XCBuildConfiguration;
			buildSettings = {
				BUNDLE_LOADER = "$(TEST_HOST)";
				INFOPLIST_FILE = myMoneyTests/Info.plist;
				LD_RUNPATH_SEARCH_PATHS = "$(inherited) @executable_path/Frameworks @loader_path/Frameworks";
				PRODUCT_BUNDLE_IDENTIFIER = AuroraInterplay.myMoneyTests;
				PRODUCT_NAME = "$(TARGET_NAME)";
				TEST_HOST = "$(BUILT_PRODUCTS_DIR)/myMoney.app/myMoney";
			};
			name = Debug;
		};
		6492B1541CFED46300133059 /* Release */ = {
			isa = XCBuildConfiguration;
			buildSettings = {
				BUNDLE_LOADER = "$(TEST_HOST)";
				INFOPLIST_FILE = myMoneyTests/Info.plist;
				LD_RUNPATH_SEARCH_PATHS = "$(inherited) @executable_path/Frameworks @loader_path/Frameworks";
				PRODUCT_BUNDLE_IDENTIFIER = AuroraInterplay.myMoneyTests;
				PRODUCT_NAME = "$(TARGET_NAME)";
				TEST_HOST = "$(BUILT_PRODUCTS_DIR)/myMoney.app/myMoney";
			};
			name = Release;
		};
		6492B1561CFED46300133059 /* Debug */ = {
			isa = XCBuildConfiguration;
			buildSettings = {
				INFOPLIST_FILE = myMoneyUITests/Info.plist;
				LD_RUNPATH_SEARCH_PATHS = "$(inherited) @executable_path/Frameworks @loader_path/Frameworks";
				PRODUCT_BUNDLE_IDENTIFIER = AuroraInterplay.myMoneyUITests;
				PRODUCT_NAME = "$(TARGET_NAME)";
				TEST_TARGET_NAME = myMoney;
			};
			name = Debug;
		};
		6492B1571CFED46300133059 /* Release */ = {
			isa = XCBuildConfiguration;
			buildSettings = {
				INFOPLIST_FILE = myMoneyUITests/Info.plist;
				LD_RUNPATH_SEARCH_PATHS = "$(inherited) @executable_path/Frameworks @loader_path/Frameworks";
				PRODUCT_BUNDLE_IDENTIFIER = AuroraInterplay.myMoneyUITests;
				PRODUCT_NAME = "$(TARGET_NAME)";
				TEST_TARGET_NAME = myMoney;
			};
			name = Release;
		};
/* End XCBuildConfiguration section */

/* Begin XCConfigurationList section */
		6492B11F1CFED46300133059 /* Build configuration list for PBXProject "myMoney" */ = {
			isa = XCConfigurationList;
			buildConfigurations = (
				6492B14D1CFED46300133059 /* Debug */,
				6492B14E1CFED46300133059 /* Release */,
			);
			defaultConfigurationIsVisible = 0;
			defaultConfigurationName = Release;
		};
		6492B14F1CFED46300133059 /* Build configuration list for PBXNativeTarget "myMoney" */ = {
			isa = XCConfigurationList;
			buildConfigurations = (
				6492B1501CFED46300133059 /* Debug */,
				6492B1511CFED46300133059 /* Release */,
			);
			defaultConfigurationIsVisible = 0;
			defaultConfigurationName = Release;
		};
		6492B1521CFED46300133059 /* Build configuration list for PBXNativeTarget "myMoneyTests" */ = {
			isa = XCConfigurationList;
			buildConfigurations = (
				6492B1531CFED46300133059 /* Debug */,
				6492B1541CFED46300133059 /* Release */,
			);
			defaultConfigurationIsVisible = 0;
			defaultConfigurationName = Release;
		};
		6492B1551CFED46300133059 /* Build configuration list for PBXNativeTarget "myMoneyUITests" */ = {
			isa = XCConfigurationList;
			buildConfigurations = (
				6492B1561CFED46300133059 /* Debug */,
				6492B1571CFED46300133059 /* Release */,
			);
			defaultConfigurationIsVisible = 0;
			defaultConfigurationName = Release;
		};
/* End XCConfigurationList section */

/* Begin XCVersionGroup section */
		6492B12E1CFED46300133059 /* myMoney.xcdatamodeld */ = {
			isa = XCVersionGroup;
			children = (
				6492B12F1CFED46300133059 /* myMoney.xcdatamodel */,
			);
			currentVersion = 6492B12F1CFED46300133059 /* myMoney.xcdatamodel */;
			path = myMoney.xcdatamodeld;
			sourceTree = "<group>";
			versionGroupType = wrapper.xcdatamodel;
		};
/* End XCVersionGroup section */
	};
	rootObject = 6492B11C1CFED46300133059 /* Project object */;
}
